
Microsoft Visual Studio Solution File, Format Version 12.00
# Visual Studio Version 16
VisualStudioVersion = 16.0.30114.105
MinimumVisualStudioVersion = 10.0.40219.1
Project("{2150E333-8FDC-42A3-9474-1A3956D46DE8}") = "src", "src", "{827E0CD3-B72D-47B6-A68D-7590B98EB39B}"
EndProject
Project("{FAE04EC0-301F-11D3-BF4B-00C04F79EFBC}") = "MemoryProfiler.App", "src\MemoryProfiler.App\MemoryProfiler.App.csproj", "{C4AEA5F1-0322-45E4-97F5-035ABCC7E295}"
EndProject
Project("{FAE04EC0-301F-11D3-BF4B-00C04F79EFBC}") = "MemoryProfiler.Contracts", "src\MemoryProfiler.Contracts\MemoryProfiler.Contracts.csproj", "{61912054-DC67-4EE7-AC7E-2B47926746BF}"
EndProject
Project("{FAE04EC0-301F-11D3-BF4B-00C04F79EFBC}") = "MemoryProfiler.Analysis", "src\MemoryProfiler.Analysis\MemoryProfiler.Analysis.csproj", "{F33F3F76-BD15-4DC9-B3F4-443CBAA6379E}"
EndProject
Project("{FAE04EC0-301F-11D3-BF4B-00C04F79EFBC}") = "MemoryProfiler.Storage", "src\MemoryProfiler.Storage\MemoryProfiler.Storage.csproj", "{6744906F-03D9-4AEB-AAD6-D74746C2128E}"
EndProject
Project("{FAE04EC0-301F-11D3-BF4B-00C04F79EFBC}") = "MemoryProfiler.Diagnostics", "src\MemoryProfiler.Diagnostics\MemoryProfiler.Diagnostics.csproj", "{596B0F59-AE87-4447-A4E7-4B626EB073DC}"
EndProject
Project("{2150E333-8FDC-42A3-9474-1A3956D46DE8}") = "tests", "tests", "{0AB3BF05-4346-4AA6-1389-037BE0695223}"
EndProject
Project("{FAE04EC0-301F-11D3-BF4B-00C04F79EFBC}") = "MemoryProfiler.Diagnostics.Tests", "tests\MemoryProfiler.Diagnostics.Tests\MemoryProfiler.Diagnostics.Tests.csproj", "{F28ECFF7-9448-4B39-9A57-D3B54CE4D88D}"
EndProject
Project("{FAE04EC0-301F-11D3-BF4B-00C04F79EFBC}") = "MemoryProfiler.Analysis.Tests", "tests\MemoryProfiler.Analysis.Tests\MemoryProfiler.Analysis.Tests.csproj", "{9FD3D64C-9A36-4C7A-BBE0-4A853B63F749}"
EndProject
Project("{FAE04EC0-301F-11D3-BF4B-00C04F79EFBC}") = "MemoryProfiler.Storage.Tests", "tests\MemoryProfiler.Storage.Tests\MemoryProfiler.Storage.Tests.csproj", "{1C24BE4F-4F1D-4DC6-BD14-0AFA2F82CC90}"
EndProject
Project("{FAE04EC0-301F-11D3-BF4B-00C04F79EFBC}") = "MemoryProfiler.App.Tests", "tests\MemoryProfiler.App.Tests\MemoryProfiler.App.Tests.csproj", "{8B2FB509-A04A-4C18-9B4F-A315993EE96F}"
EndProject
Project("{FAE04EC0-301F-11D3-BF4B-00C04F79EFBC}") = "MemoryProfiler.Contracts.Tests", "tests\MemoryProfiler.Contracts.Tests\MemoryProfiler.Contracts.Tests.csproj", "{14C619E5-49CF-4977-A46F-E29695C05FF3}"
EndProject
Project("{FAE04EC0-301F-11D3-BF4B-00C04F79EFBC}") = "LiveDiagnosticsTarget", "tests\MemoryProfiler.Diagnostics.Tests\LiveDiagnosticsTarget\LiveDiagnosticsTarget.csproj", "{28744081-7F4A-4954-9738-A83EAD8A7E61}"
EndProject
Global
	GlobalSection(SolutionConfigurationPlatforms) = preSolution
		Debug|Any CPU = Debug|Any CPU
		Debug|x64 = Debug|x64
		Debug|x86 = Debug|x86
		Release|Any CPU = Release|Any CPU
		Release|x64 = Release|x64
		Release|x86 = Release|x86
	EndGlobalSection
	GlobalSection(ProjectConfigurationPlatforms) = postSolution
		{C4AEA5F1-0322-45E4-97F5-035ABCC7E295}.Debug|Any CPU.ActiveCfg = Debug|Any CPU
		{C4AEA5F1-0322-45E4-97F5-035ABCC7E295}.Debug|Any CPU.Build.0 = Debug|Any CPU
		{C4AEA5F1-0322-45E4-97F5-035ABCC7E295}.Debug|x64.ActiveCfg = Debug|Any CPU
		{C4AEA5F1-0322-45E4-97F5-035ABCC7E295}.Debug|x64.Build.0 = Debug|Any CPU
		{C4AEA5F1-0322-45E4-97F5-035ABCC7E295}.Debug|x86.ActiveCfg = Debug|Any CPU
		{C4AEA5F1-0322-45E4-97F5-035ABCC7E295}.Debug|x86.Build.0 = Debug|Any CPU
		{C4AEA5F1-0322-45E4-97F5-035ABCC7E295}.Release|Any CPU.ActiveCfg = Release|Any CPU
		{C4AEA5F1-0322-45E4-97F5-035ABCC7E295}.Release|Any CPU.Build.0 = Release|Any CPU
		{C4AEA5F1-0322-45E4-97F5-035ABCC7E295}.Release|x64.ActiveCfg = Release|Any CPU
		{C4AEA5F1-0322-45E4-97F5-035ABCC7E295}.Release|x64.Build.0 = Release|Any CPU
		{C4AEA5F1-0322-45E4-97F5-035ABCC7E295}.Release|x86.ActiveCfg = Release|Any CPU
		{C4AEA5F1-0322-45E4-97F5-035ABCC7E295}.Release|x86.Build.0 = Release|Any CPU
		{61912054-DC67-4EE7-AC7E-2B47926746BF}.Debug|Any CPU.ActiveCfg = Debug|Any CPU
		{61912054-DC67-4EE7-AC7E-2B47926746BF}.Debug|Any CPU.Build.0 = Debug|Any CPU
		{61912054-DC67-4EE7-AC7E-2B47926746BF}.Debug|x64.ActiveCfg = Debug|Any CPU
		{61912054-DC67-4EE7-AC7E-2B47926746BF}.Debug|x64.Build.0 = Debug|Any CPU
		{61912054-DC67-4EE7-AC7E-2B47926746BF}.Debug|x86.ActiveCfg = Debug|Any CPU
		{61912054-DC67-4EE7-AC7E-2B47926746BF}.Debug|x86.Build.0 = Debug|Any CPU
		{61912054-DC67-4EE7-AC7E-2B47926746BF}.Release|Any CPU.ActiveCfg = Release|Any CPU
		{61912054-DC67-4EE7-AC7E-2B47926746BF}.Release|Any CPU.Build.0 = Release|Any CPU
		{61912054-DC67-4EE7-AC7E-2B47926746BF}.Release|x64.ActiveCfg = Release|Any CPU
		{61912054-DC67-4EE7-AC7E-2B47926746BF}.Release|x64.Build.0 = Release|Any CPU
		{61912054-DC67-4EE7-AC7E-2B47926746BF}.Release|x86.ActiveCfg = Release|Any CPU
		{61912054-DC67-4EE7-AC7E-2B47926746BF}.Release|x86.Build.0 = Release|Any CPU
		{F33F3F76-BD15-4DC9-B3F4-443CBAA6379E}.Debug|Any CPU.ActiveCfg = Debug|Any CPU
		{F33F3F76-BD15-4DC9-B3F4-443CBAA6379E}.Debug|Any CPU.Build.0 = Debug|Any CPU
		{F33F3F76-BD15-4DC9-B3F4-443CBAA6379E}.Debug|x64.ActiveCfg = Debug|Any CPU
		{F33F3F76-BD15-4DC9-B3F4-443CBAA6379E}.Debug|x64.Build.0 = Debug|Any CPU
		{F33F3F76-BD15-4DC9-B3F4-443CBAA6379E}.Debug|x86.ActiveCfg = Debug|Any CPU
		{F33F3F76-BD15-4DC9-B3F4-443CBAA6379E}.Debug|x86.Build.0 = Debug|Any CPU
		{F33F3F76-BD15-4DC9-B3F4-443CBAA6379E}.Release|Any CPU.ActiveCfg = Release|Any CPU
		{F33F3F76-BD15-4DC9-B3F4-443CBAA6379E}.Release|Any CPU.Build.0 = Release|Any CPU
		{F33F3F76-BD15-4DC9-B3F4-443CBAA6379E}.Release|x64.ActiveCfg = Release|Any CPU
		{F33F3F76-BD15-4DC9-B3F4-443CBAA6379E}.Release|x64.Build.0 = Release|Any CPU
		{F33F3F76-BD15-4DC9-B3F4-443CBAA6379E}.Release|x86.ActiveCfg = Release|Any CPU
		{F33F3F76-BD15-4DC9-B3F4-443CBAA6379E}.Release|x86.Build.0 = Release|Any CPU
		{6744906F-03D9-4AEB-AAD6-D74746C2128E}.Debug|Any CPU.ActiveCfg = Debug|Any CPU
		{6744906F-03D9-4AEB-AAD6-D74746C2128E}.Debug|Any CPU.Build.0 = Debug|Any CPU
		{6744906F-03D9-4AEB-AAD6-D74746C2128E}.Debug|x64.ActiveCfg = Debug|Any CPU
		{6744906F-03D9-4AEB-AAD6-D74746C2128E}.Debug|x64.Build.0 = Debug|Any CPU
		{6744906F-03D9-4AEB-AAD6-D74746C2128E}.Debug|x86.ActiveCfg = Debug|Any CPU
		{6744906F-03D9-4AEB-AAD6-D74746C2128E}.Debug|x86.Build.0 = Debug|Any CPU
		{6744906F-03D9-4AEB-AAD6-D74746C2128E}.Release|Any CPU.ActiveCfg = Release|Any CPU
		{6744906F-03D9-4AEB-AAD6-D74746C2128E}.Release|Any CPU.Build.0 = Release|Any CPU
		{6744906F-03D9-4AEB-AAD6-D74746C2128E}.Release|x64.ActiveCfg = Release|Any CPU
		{6744906F-03D9-4AEB-AAD6-D74746C2128E}.Release|x64.Build.0 = Release|Any CPU
		{6744906F-03D9-4AEB-AAD6-D74746C2128E}.Release|x86.ActiveCfg = Release|Any CPU
		{6744906F-03D9-4AEB-AAD6-D74746C2128E}.Release|x86.Build.0 = Release|Any CPU
		{596B0F59-AE87-4447-A4E7-4B626EB073DC}.Debug|Any CPU.ActiveCfg = Debug|Any CPU
		{596B0F59-AE87-4447-A4E7-4B626EB073DC}.Debug|Any CPU.Build.0 = Debug|Any CPU
		{596B0F59-AE87-4447-A4E7-4B626EB073DC}.Debug|x64.ActiveCfg = Debug|Any CPU
		{596B0F59-AE87-4447-A4E7-4B626EB073DC}.Debug|x64.Build.0 = Debug|Any CPU
		{596B0F59-AE87-4447-A4E7-4B626EB073DC}.Debug|x86.ActiveCfg = Debug|Any CPU
		{596B0F59-AE87-4447-A4E7-4B626EB073DC}.Debug|x86.Build.0 = Debug|Any CPU
		{596B0F59-AE87-4447-A4E7-4B626EB073DC}.Release|Any CPU.ActiveCfg = Release|Any CPU
		{596B0F59-AE87-4447-A4E7-4B626EB073DC}.Release|Any CPU.Build.0 = Release|Any CPU
		{596B0F59-AE87-4447-A4E7-4B626EB073DC}.Release|x64.ActiveCfg = Release|Any CPU
		{596B0F59-AE87-4447-A4E7-4B626EB073DC}.Release|x64.Build.0 = Release|Any CPU
		{596B0F59-AE87-4447-A4E7-4B626EB073DC}.Release|x86.ActiveCfg = Release|Any CPU
		{596B0F59-AE87-4447-A4E7-4B626EB073DC}.Release|x86.Build.0 = Release|Any CPU
		{F28ECFF7-9448-4B39-9A57-D3B54CE4D88D}.Debug|Any CPU.ActiveCfg = Debug|Any CPU
		{F28ECFF7-9448-4B39-9A57-D3B54CE4D88D}.Debug|Any CPU.Build.0 = Debug|Any CPU
		{F28ECFF7-9448-4B39-9A57-D3B54CE4D88D}.Debug|x64.ActiveCfg = Debug|Any CPU
		{F28ECFF7-9448-4B39-9A57-D3B54CE4D88D}.Debug|x64.Build.0 = Debug|Any CPU
		{F28ECFF7-9448-4B39-9A57-D3B54CE4D88D}.Debug|x86.ActiveCfg = Debug|Any CPU
		{F28ECFF7-9448-4B39-9A57-D3B54CE4D88D}.Debug|x86.Build.0 = Debug|Any CPU
		{F28ECFF7-9448-4B39-9A57-D3B54CE4D88D}.Release|Any CPU.ActiveCfg = Release|Any CPU
		{F28ECFF7-9448-4B39-9A57-D3B54CE4D88D}.Release|Any CPU.Build.0 = Release|Any CPU
		{F28ECFF7-9448-4B39-9A57-D3B54CE4D88D}.Release|x64.ActiveCfg = Release|Any CPU
		{F28ECFF7-9448-4B39-9A57-D3B54CE4D88D}.Release|x64.Build.0 = Release|Any CPU
		{F28ECFF7-9448-4B39-9A57-D3B54CE4D88D}.Release|x86.ActiveCfg = Release|Any CPU
		{F28ECFF7-9448-4B39-9A57-D3B54CE4D88D}.Release|x86.Build.0 = Release|Any CPU
		{9FD3D64C-9A36-4C7A-BBE0-4A853B63F749}.Debug|Any CPU.ActiveCfg = Debug|Any CPU
		{9FD3D64C-9A36-4C7A-BBE0-4A853B63F749}.Debug|Any CPU.Build.0 = Debug|Any CPU
		{9FD3D64C-9A36-4C7A-BBE0-4A853B63F749}.Debug|x64.ActiveCfg = Debug|Any CPU
		{9FD3D64C-9A36-4C7A-BBE0-4A853B63F749}.Debug|x64.Build.0 = Debug|Any CPU
		{9FD3D64C-9A36-4C7A-BBE0-4A853B63F749}.Debug|x86.ActiveCfg = Debug|Any CPU
		{9FD3D64C-9A36-4C7A-BBE0-4A853B63F749}.Debug|x86.Build.0 = Debug|Any CPU
		{9FD3D64C-9A36-4C7A-BBE0-4A853B63F749}.Release|Any CPU.ActiveCfg = Release|Any CPU
		{9FD3D64C-9A36-4C7A-BBE0-4A853B63F749}.Release|Any CPU.Build.0 = Release|Any CPU
		{9FD3D64C-9A36-4C7A-BBE0-4A853B63F749}.Release|x64.ActiveCfg = Release|Any CPU
		{9FD3D64C-9A36-4C7A-BBE0-4A853B63F749}.Release|x64.Build.0 = Release|Any CPU
		{9FD3D64C-9A36-4C7A-BBE0-4A853B63F749}.Release|x86.ActiveCfg = Release|Any CPU
		{9FD3D64C-9A36-4C7A-BBE0-4A853B63F749}.Release|x86.Build.0 = Release|Any CPU
		{1C24BE4F-4F1D-4DC6-BD14-0AFA2F82CC90}.Debug|Any CPU.ActiveCfg = Debug|Any CPU
		{1C24BE4F-4F1D-4DC6-BD14-0AFA2F82CC90}.Debug|Any CPU.Build.0 = Debug|Any CPU
		{1C24BE4F-4F1D-4DC6-BD14-0AFA2F82CC90}.Debug|x64.ActiveCfg = Debug|Any CPU
		{1C24BE4F-4F1D-4DC6-BD14-0AFA2F82CC90}.Debug|x64.Build.0 = Debug|Any CPU
		{1C24BE4F-4F1D-4DC6-BD14-0AFA2F82CC90}.Debug|x86.ActiveCfg = Debug|Any CPU
		{1C24BE4F-4F1D-4DC6-BD14-0AFA2F82CC90}.Debug|x86.Build.0 = Debug|Any CPU
		{1C24BE4F-4F1D-4DC6-BD14-0AFA2F82CC90}.Release|Any CPU.ActiveCfg = Release|Any CPU
		{1C24BE4F-4F1D-4DC6-BD14-0AFA2F82CC90}.Release|Any CPU.Build.0 = Release|Any CPU
		{1C24BE4F-4F1D-4DC6-BD14-0AFA2F82CC90}.Release|x64.ActiveCfg = Release|Any CPU
		{1C24BE4F-4F1D-4DC6-BD14-0AFA2F82CC90}.Release|x64.Build.0 = Release|Any CPU
		{1C24BE4F-4F1D-4DC6-BD14-0AFA2F82CC90}.Release|x86.ActiveCfg = Release|Any CPU
		{1C24BE4F-4F1D-4DC6-BD14-0AFA2F82CC90}.Release|x86.Build.0 = Release|Any CPU
		{8B2FB509-A04A-4C18-9B4F-A315993EE96F}.Debug|Any CPU.ActiveCfg = Debug|Any CPU
		{8B2FB509-A04A-4C18-9B4F-A315993EE96F}.Debug|Any CPU.Build.0 = Debug|Any CPU
		{8B2FB509-A04A-4C18-9B4F-A315993EE96F}.Debug|x64.ActiveCfg = Debug|Any CPU
		{8B2FB509-A04A-4C18-9B4F-A315993EE96F}.Debug|x64.Build.0 = Debug|Any CPU
		{8B2FB509-A04A-4C18-9B4F-A315993EE96F}.Debug|x86.ActiveCfg = Debug|Any CPU
		{8B2FB509-A04A-4C18-9B4F-A315993EE96F}.Debug|x86.Build.0 = Debug|Any CPU
		{8B2FB509-A04A-4C18-9B4F-A315993EE96F}.Release|Any CPU.ActiveCfg = Release|Any CPU
		{8B2FB509-A04A-4C18-9B4F-A315993EE96F}.Release|Any CPU.Build.0 = Release|Any CPU
		{8B2FB509-A04A-4C18-9B4F-A315993EE96F}.Release|x64.ActiveCfg = Release|Any CPU
		{8B2FB509-A04A-4C18-9B4F-A315993EE96F}.Release|x64.Build.0 = Release|Any CPU
		{8B2FB509-A04A-4C18-9B4F-A315993EE96F}.Release|x86.ActiveCfg = Release|Any CPU
		{8B2FB509-A04A-4C18-9B4F-A315993EE96F}.Release|x86.Build.0 = Release|Any CPU
		{14C619E5-49CF-4977-A46F-E29695C05FF3}.Debug|Any CPU.ActiveCfg = Debug|Any CPU
		{14C619E5-49CF-4977-A46F-E29695C05FF3}.Debug|Any CPU.Build.0 = Debug|Any CPU
		{14C619E5-49CF-4977-A46F-E29695C05FF3}.Debug|x64.ActiveCfg = Debug|Any CPU
		{14C619E5-49CF-4977-A46F-E29695C05FF3}.Debug|x64.Build.0 = Debug|Any CPU
		{14C619E5-49CF-4977-A46F-E29695C05FF3}.Debug|x86.ActiveCfg = Debug|Any CPU
		{14C619E5-49CF-4977-A46F-E29695C05FF3}.Debug|x86.Build.0 = Debug|Any CPU
		{14C619E5-49CF-4977-A46F-E29695C05FF3}.Release|Any CPU.ActiveCfg = Release|Any CPU
		{14C619E5-49CF-4977-A46F-E29695C05FF3}.Release|Any CPU.Build.0 = Release|Any CPU
		{14C619E5-49CF-4977-A46F-E29695C05FF3}.Release|x64.ActiveCfg = Release|Any CPU
		{14C619E5-49CF-4977-A46F-E29695C05FF3}.Release|x64.Build.0 = Release|Any CPU
		{14C619E5-49CF-4977-A46F-E29695C05FF3}.Release|x86.ActiveCfg = Release|Any CPU
		{14C619E5-49CF-4977-A46F-E29695C05FF3}.Release|x86.Build.0 = Release|Any CPU
		{28744081-7F4A-4954-9738-A83EAD8A7E61}.Debug|Any CPU.ActiveCfg = Debug|Any CPU
		{28744081-7F4A-4954-9738-A83EAD8A7E61}.Debug|Any CPU.Build.0 = Debug|Any CPU
		{28744081-7F4A-4954-9738-A83EAD8A7E61}.Debug|x64.ActiveCfg = Debug|Any CPU
		{28744081-7F4A-4954-9738-A83EAD8A7E61}.Debug|x64.Build.0 = Debug|Any CPU
		{28744081-7F4A-4954-9738-A83EAD8A7E61}.Debug|x86.ActiveCfg = Debug|Any CPU
		{28744081-7F4A-4954-9738-A83EAD8A7E61}.Debug|x86.Build.0 = Debug|Any CPU
		{28744081-7F4A-4954-9738-A83EAD8A7E61}.Release|Any CPU.ActiveCfg = Release|Any CPU
		{28744081-7F4A-4954-9738-A83EAD8A7E61}.Release|Any CPU.Build.0 = Release|Any CPU
		{28744081-7F4A-4954-9738-A83EAD8A7E61}.Release|x64.ActiveCfg = Release|Any CPU
		{28744081-7F4A-4954-9738-A83EAD8A7E61}.Release|x64.Build.0 = Release|Any CPU
		{28744081-7F4A-4954-9738-A83EAD8A7E61}.Release|x86.ActiveCfg = Release|Any CPU
		{28744081-7F4A-4954-9738-A83EAD8A7E61}.Release|x86.Build.0 = Release|Any CPU
	EndGlobalSection
	GlobalSection(SolutionProperties) = preSolution
		HideSolutionNode = FALSE
	EndGlobalSection
	GlobalSection(NestedProjects) = preSolution
		{C4AEA5F1-0322-45E4-97F5-035ABCC7E295} = {827E0CD3-B72D-47B6-A68D-7590B98EB39B}
		{61912054-DC67-4EE7-AC7E-2B47926746BF} = {827E0CD3-B72D-47B6-A68D-7590B98EB39B}
		{F33F3F76-BD15-4DC9-B3F4-443CBAA6379E} = {827E0CD3-B72D-47B6-A68D-7590B98EB39B}
		{6744906F-03D9-4AEB-AAD6-D74746C2128E} = {827E0CD3-B72D-47B6-A68D-7590B98EB39B}
		{596B0F59-AE87-4447-A4E7-4B626EB073DC} = {827E0CD3-B72D-47B6-A68D-7590B98EB39B}
		{F28ECFF7-9448-4B39-9A57-D3B54CE4D88D} = {0AB3BF05-4346-4AA6-1389-037BE0695223}
		{9FD3D64C-9A36-4C7A-BBE0-4A853B63F749} = {0AB3BF05-4346-4AA6-1389-037BE0695223}
		{1C24BE4F-4F1D-4DC6-BD14-0AFA2F82CC90} = {0AB3BF05-4346-4AA6-1389-037BE0695223}
		{8B2FB509-A04A-4C18-9B4F-A315993EE96F} = {0AB3BF05-4346-4AA6-1389-037BE0695223}
		{14C619E5-49CF-4977-A46F-E29695C05FF3} = {0AB3BF05-4346-4AA6-1389-037BE0695223}
		{28744081-7F4A-4954-9738-A83EAD8A7E61} = {0AB3BF05-4346-4AA6-1389-037BE0695223}
	EndGlobalSection
EndGlobal
